
Microsoft Visual Studio Solution File, Format Version 11.00
# Visual Studio 2010
Project("{FAE04EC0-301F-11D3-BF4B-00C04F79EFBC}") = "Assembly-CSharp", "Assembly-CSharp.csproj", "{75273f08-1794-c106-6df8-cdc0fca4c92d}"
EndProject
Project("{FAE04EC0-301F-11D3-BF4B-00C04F79EFBC}") = "Assembly-CSharp-Editor", "Assembly-CSharp-Editor.csproj", "{33c0026e-f13b-f412-ebb4-16ea8c85dbef}"
EndProject
Global
	GlobalSection(SolutionConfigurationPlatforms) = preSolution
		Debug|Any CPU = Debug|Any CPU
	EndGlobalSection
	GlobalSection(ProjectConfigurationPlatforms) = postSolution
		{75273f08-1794-c106-6df8-cdc0fca4c92d}.Debug|Any CPU.ActiveCfg = Debug|Any CPU
		{75273f08-1794-c106-6df8-cdc0fca4c92d}.Debug|Any CPU.Build.0 = Debug|Any CPU
		{33c0026e-f13b-f412-ebb4-16ea8c85dbef}.Debug|Any CPU.ActiveCfg = Debug|Any CPU
		{33c0026e-f13b-f412-ebb4-16ea8c85dbef}.Debug|Any CPU.Build.0 = Debug|Any CPU
	EndGlobalSection
	GlobalSection(SolutionProperties) = preSolution
		HideSolutionNode = FALSE
	EndGlobalSection
EndGlobal
